// !$*UTF8*$!
{
	archiveVersion = 1;
	classes = {
	};
	objectVersion = 50;
	objects = {

/* Begin PBXBuildFile section */
		A70511F22593F28C002D801F /* TcgLifeCounterApp.swift in Sources */ = {isa = PBXBuildFile; fileRef = A70511F12593F28C002D801F /* TcgLifeCounterApp.swift */; };
		A70511F42593F28C002D801F /* ContentView.swift in Sources */ = {isa = PBXBuildFile; fileRef = A70511F32593F28C002D801F /* ContentView.swift */; };
		A70511F62593F28D002D801F /* Assets.xcassets in Resources */ = {isa = PBXBuildFile; fileRef = A70511F52593F28D002D801F /* Assets.xcassets */; };
		A70511F92593F28D002D801F /* Preview Assets.xcassets in Resources */ = {isa = PBXBuildFile; fileRef = A70511F82593F28D002D801F /* Preview Assets.xcassets */; };
		A76053B425942E0700A0A6AC /* Player.swift in Sources */ = {isa = PBXBuildFile; fileRef = A76053B325942E0700A0A6AC /* Player.swift */; };
		A76053BA25942E2E00A0A6AC /* Game.swift in Sources */ = {isa = PBXBuildFile; fileRef = A76053B925942E2E00A0A6AC /* Game.swift */; };
		A76053C325942E7900A0A6AC /* Setting.swift in Sources */ = {isa = PBXBuildFile; fileRef = A76053C225942E7900A0A6AC /* Setting.swift */; };
		A76053C725942F3B00A0A6AC /* PlayerCardView.swift in Sources */ = {isa = PBXBuildFile; fileRef = A76053C625942F3B00A0A6AC /* PlayerCardView.swift */; };
		A76053CE25942F6000A0A6AC /* PlayersLayoutView.swift in Sources */ = {isa = PBXBuildFile; fileRef = A76053CD25942F6000A0A6AC /* PlayersLayoutView.swift */; };
		A76053D125942F7A00A0A6AC /* Layout.swift in Sources */ = {isa = PBXBuildFile; fileRef = A76053D025942F7A00A0A6AC /* Layout.swift */; };
		A76053D6259549D500A0A6AC /* SettingsView.swift in Sources */ = {isa = PBXBuildFile; fileRef = A76053D5259549D500A0A6AC /* SettingsView.swift */; };
		A76B18B82597E97400565C31 /* FiveSixPlayerLayoutView.swift in Sources */ = {isa = PBXBuildFile; fileRef = A76B18B72597E97400565C31 /* FiveSixPlayerLayoutView.swift */; };
		A79EFFD825AE88F200E36B64 /* SubCenterAnchored.swift in Sources */ = {isa = PBXBuildFile; fileRef = A79EFFD725AE88F200E36B64 /* SubCenterAnchored.swift */; };
		A79EFFDB25AE8B4400E36B64 /* HalfRoundedRect.swift in Sources */ = {isa = PBXBuildFile; fileRef = A79EFFDA25AE8B4400E36B64 /* HalfRoundedRect.swift */; };
		A79F550F25A5165F00522361 /* D2Shape.swift in Sources */ = {isa = PBXBuildFile; fileRef = A79F550E25A5165F00522361 /* D2Shape.swift */; };
		A79F551325A5194400522361 /* D4Shape.swift in Sources */ = {isa = PBXBuildFile; fileRef = A79F551225A5194400522361 /* D4Shape.swift */; };
		A79F551725A51C0600522361 /* D6Shape.swift in Sources */ = {isa = PBXBuildFile; fileRef = A79F551625A51C0600522361 /* D6Shape.swift */; };
		A79F551A25A51D4000522361 /* D8Shape.swift in Sources */ = {isa = PBXBuildFile; fileRef = A79F551925A51D4000522361 /* D8Shape.swift */; };
		A79F551D25A51F3D00522361 /* D10Shape.swift in Sources */ = {isa = PBXBuildFile; fileRef = A79F551C25A51F3D00522361 /* D10Shape.swift */; };
		A79F552025A52FAE00522361 /* D12Shape.swift in Sources */ = {isa = PBXBuildFile; fileRef = A79F551F25A52FAE00522361 /* D12Shape.swift */; };
		A79F552325A53D1500522361 /* D20Shape.swift in Sources */ = {isa = PBXBuildFile; fileRef = A79F552225A53D1500522361 /* D20Shape.swift */; };
		A79F552625A5414800522361 /* D100.swift in Sources */ = {isa = PBXBuildFile; fileRef = A79F552525A5414800522361 /* D100.swift */; };
		A79F552C25A66BAD00522361 /* HVStack.swift in Sources */ = {isa = PBXBuildFile; fileRef = A79F552B25A66BAD00522361 /* HVStack.swift */; };
		A7CECA33259FB9A900B783C5 /* DieRollView.swift in Sources */ = {isa = PBXBuildFile; fileRef = A7CECA32259FB9A900B783C5 /* DieRollView.swift */; };
		A7F3F00625AF82DB00229BE6 /* PresentedLifeView.swift in Sources */ = {isa = PBXBuildFile; fileRef = A7F3F00525AF82DB00229BE6 /* PresentedLifeView.swift */; };
/* End PBXBuildFile section */

/* Begin PBXFileReference section */
		A70511EE2593F28C002D801F /* TcgLifeCounter.app */ = {isa = PBXFileReference; explicitFileType = wrapper.application; includeInIndex = 0; path = TcgLifeCounter.app; sourceTree = BUILT_PRODUCTS_DIR; };
		A70511F12593F28C002D801F /* TcgLifeCounterApp.swift */ = {isa = PBXFileReference; lastKnownFileType = sourcecode.swift; path = TcgLifeCounterApp.swift; sourceTree = "<group>"; };
		A70511F32593F28C002D801F /* ContentView.swift */ = {isa = PBXFileReference; lastKnownFileType = sourcecode.swift; path = ContentView.swift; sourceTree = "<group>"; };
		A70511F52593F28D002D801F /* Assets.xcassets */ = {isa = PBXFileReference; lastKnownFileType = folder.assetcatalog; path = Assets.xcassets; sourceTree = "<group>"; };
		A70511F82593F28D002D801F /* Preview Assets.xcassets */ = {isa = PBXFileReference; lastKnownFileType = folder.assetcatalog; path = "Preview Assets.xcassets"; sourceTree = "<group>"; };
		A70511FA2593F28D002D801F /* Info.plist */ = {isa = PBXFileReference; lastKnownFileType = text.plist.xml; path = Info.plist; sourceTree = "<group>"; };
		A76053B325942E0700A0A6AC /* Player.swift */ = {isa = PBXFileReference; lastKnownFileType = sourcecode.swift; path = Player.swift; sourceTree = "<group>"; };
		A76053B925942E2E00A0A6AC /* Game.swift */ = {isa = PBXFileReference; lastKnownFileType = sourcecode.swift; path = Game.swift; sourceTree = "<group>"; };
		A76053C225942E7900A0A6AC /* Setting.swift */ = {isa = PBXFileReference; lastKnownFileType = sourcecode.swift; path = Setting.swift; sourceTree = "<group>"; };
		A76053C625942F3B00A0A6AC /* PlayerCardView.swift */ = {isa = PBXFileReference; lastKnownFileType = sourcecode.swift; path = PlayerCardView.swift; sourceTree = "<group>"; };
		A76053CD25942F6000A0A6AC /* PlayersLayoutView.swift */ = {isa = PBXFileReference; lastKnownFileType = sourcecode.swift; path = PlayersLayoutView.swift; sourceTree = "<group>"; };
		A76053D025942F7A00A0A6AC /* Layout.swift */ = {isa = PBXFileReference; lastKnownFileType = sourcecode.swift; path = Layout.swift; sourceTree = "<group>"; };
		A76053D5259549D500A0A6AC /* SettingsView.swift */ = {isa = PBXFileReference; lastKnownFileType = sourcecode.swift; path = SettingsView.swift; sourceTree = SOURCE_ROOT; };
		A76B18B72597E97400565C31 /* FiveSixPlayerLayoutView.swift */ = {isa = PBXFileReference; lastKnownFileType = sourcecode.swift; path = FiveSixPlayerLayoutView.swift; sourceTree = "<group>"; };
		A79EFFD725AE88F200E36B64 /* SubCenterAnchored.swift */ = {isa = PBXFileReference; lastKnownFileType = sourcecode.swift; path = SubCenterAnchored.swift; sourceTree = "<group>"; };
		A79EFFDA25AE8B4400E36B64 /* HalfRoundedRect.swift */ = {isa = PBXFileReference; lastKnownFileType = sourcecode.swift; path = HalfRoundedRect.swift; sourceTree = "<group>"; };
		A79F550E25A5165F00522361 /* D2Shape.swift */ = {isa = PBXFileReference; lastKnownFileType = sourcecode.swift; path = D2Shape.swift; sourceTree = "<group>"; };
		A79F551225A5194400522361 /* D4Shape.swift */ = {isa = PBXFileReference; lastKnownFileType = sourcecode.swift; path = D4Shape.swift; sourceTree = "<group>"; };
		A79F551625A51C0600522361 /* D6Shape.swift */ = {isa = PBXFileReference; lastKnownFileType = sourcecode.swift; path = D6Shape.swift; sourceTree = "<group>"; };
		A79F551925A51D4000522361 /* D8Shape.swift */ = {isa = PBXFileReference; lastKnownFileType = sourcecode.swift; path = D8Shape.swift; sourceTree = "<group>"; };
		A79F551C25A51F3D00522361 /* D10Shape.swift */ = {isa = PBXFileReference; lastKnownFileType = sourcecode.swift; path = D10Shape.swift; sourceTree = "<group>"; };
		A79F551F25A52FAE00522361 /* D12Shape.swift */ = {isa = PBXFileReference; lastKnownFileType = sourcecode.swift; path = D12Shape.swift; sourceTree = "<group>"; };
		A79F552225A53D1500522361 /* D20Shape.swift */ = {isa = PBXFileReference; lastKnownFileType = sourcecode.swift; path = D20Shape.swift; sourceTree = "<group>"; };
		A79F552525A5414800522361 /* D100.swift */ = {isa = PBXFileReference; lastKnownFileType = sourcecode.swift; path = D100.swift; sourceTree = "<group>"; };
		A79F552B25A66BAD00522361 /* HVStack.swift */ = {isa = PBXFileReference; lastKnownFileType = sourcecode.swift; path = HVStack.swift; sourceTree = "<group>"; };
		A7CECA32259FB9A900B783C5 /* DieRollView.swift */ = {isa = PBXFileReference; lastKnownFileType = sourcecode.swift; path = DieRollView.swift; sourceTree = "<group>"; };
		A7F3F00525AF82DB00229BE6 /* PresentedLifeView.swift */ = {isa = PBXFileReference; lastKnownFileType = sourcecode.swift; path = PresentedLifeView.swift; sourceTree = "<group>"; };
/* End PBXFileReference section */

/* Begin PBXFrameworksBuildPhase section */
		A70511EB2593F28C002D801F /* Frameworks */ = {
			isa = PBXFrameworksBuildPhase;
			buildActionMask = 2147483647;
			files = (
			);
			runOnlyForDeploymentPostprocessing = 0;
		};
/* End PBXFrameworksBuildPhase section */

/* Begin PBXGroup section */
		A70511E52593F28C002D801F = {
			isa = PBXGroup;
			children = (
				A70511F02593F28C002D801F /* TcgLifeCounter */,
				A70511EF2593F28C002D801F /* Products */,
			);
			sourceTree = "<group>";
		};
		A70511EF2593F28C002D801F /* Products */ = {
			isa = PBXGroup;
			children = (
				A70511EE2593F28C002D801F /* TcgLifeCounter.app */,
			);
			name = Products;
			sourceTree = "<group>";
		};
		A70511F02593F28C002D801F /* TcgLifeCounter */ = {
			isa = PBXGroup;
			children = (
				A79F552A25A66B9F00522361 /* SharedViews */,
				A79F550D25A5165000522361 /* Shapes */,
				A76053C025942E5700A0A6AC /* Models */,
				A76053BF25942E4C00A0A6AC /* Views */,
				A70511F12593F28C002D801F /* TcgLifeCounterApp.swift */,
				A70511F32593F28C002D801F /* ContentView.swift */,
				A70511F52593F28D002D801F /* Assets.xcassets */,
				A70511FA2593F28D002D801F /* Info.plist */,
				A70511F72593F28D002D801F /* Preview Content */,
			);
			path = TcgLifeCounter;
			sourceTree = "<group>";
		};
		A70511F72593F28D002D801F /* Preview Content */ = {
			isa = PBXGroup;
			children = (
				A70511F82593F28D002D801F /* Preview Assets.xcassets */,
			);
			path = "Preview Content";
			sourceTree = "<group>";
		};
		A76053BF25942E4C00A0A6AC /* Views */ = {
			isa = PBXGroup;
			children = (
				A7F3F00425AF82CD00229BE6 /* PlayerCard */,
				A76053C625942F3B00A0A6AC /* PlayerCardView.swift */,
				A76053D5259549D500A0A6AC /* SettingsView.swift */,
				A76053CD25942F6000A0A6AC /* PlayersLayoutView.swift */,
				A76B18B72597E97400565C31 /* FiveSixPlayerLayoutView.swift */,
				A7CECA32259FB9A900B783C5 /* DieRollView.swift */,
			);
			path = Views;
			sourceTree = "<group>";
		};
		A76053C025942E5700A0A6AC /* Models */ = {
			isa = PBXGroup;
			children = (
				A76053B925942E2E00A0A6AC /* Game.swift */,
				A76053B325942E0700A0A6AC /* Player.swift */,
				A76053C225942E7900A0A6AC /* Setting.swift */,
				A76053D025942F7A00A0A6AC /* Layout.swift */,
			);
			path = Models;
			sourceTree = "<group>";
		};
		A79F550D25A5165000522361 /* Shapes */ = {
			isa = PBXGroup;
			children = (
				A79F550E25A5165F00522361 /* D2Shape.swift */,
				A79F551225A5194400522361 /* D4Shape.swift */,
				A79F551625A51C0600522361 /* D6Shape.swift */,
				A79F551925A51D4000522361 /* D8Shape.swift */,
				A79F551C25A51F3D00522361 /* D10Shape.swift */,
				A79F551F25A52FAE00522361 /* D12Shape.swift */,
				A79F552225A53D1500522361 /* D20Shape.swift */,
				A79F552525A5414800522361 /* D100.swift */,
				A79EFFDA25AE8B4400E36B64 /* HalfRoundedRect.swift */,
			);
			path = Shapes;
			sourceTree = "<group>";
		};
		A79F552A25A66B9F00522361 /* SharedViews */ = {
			isa = PBXGroup;
			children = (
				A79F552B25A66BAD00522361 /* HVStack.swift */,
				A79EFFD725AE88F200E36B64 /* SubCenterAnchored.swift */,
			);
			path = SharedViews;
			sourceTree = "<group>";
		};
		A7F3F00425AF82CD00229BE6 /* PlayerCard */ = {
			isa = PBXGroup;
			children = (
				A7F3F00525AF82DB00229BE6 /* PresentedLifeView.swift */,
			);
			path = PlayerCard;
			sourceTree = "<group>";
		};
/* End PBXGroup section */

/* Begin PBXNativeTarget section */
		A70511ED2593F28C002D801F /* TcgLifeCounter */ = {
			isa = PBXNativeTarget;
			buildConfigurationList = A70511FD2593F28D002D801F /* Build configuration list for PBXNativeTarget "TcgLifeCounter" */;
			buildPhases = (
				A70511EA2593F28C002D801F /* Sources */,
				A70511EB2593F28C002D801F /* Frameworks */,
				A70511EC2593F28C002D801F /* Resources */,
			);
			buildRules = (
			);
			dependencies = (
			);
			name = TcgLifeCounter;
			productName = TcgLifeCounter;
			productReference = A70511EE2593F28C002D801F /* TcgLifeCounter.app */;
			productType = "com.apple.product-type.application";
		};
/* End PBXNativeTarget section */

/* Begin PBXProject section */
		A70511E62593F28C002D801F /* Project object */ = {
			isa = PBXProject;
			attributes = {
				LastSwiftUpdateCheck = 1230;
				LastUpgradeCheck = 1230;
				TargetAttributes = {
					A70511ED2593F28C002D801F = {
						CreatedOnToolsVersion = 12.3;
					};
				};
			};
			buildConfigurationList = A70511E92593F28C002D801F /* Build configuration list for PBXProject "TcgLifeCounter" */;
			compatibilityVersion = "Xcode 9.3";
			developmentRegion = en;
			hasScannedForEncodings = 0;
			knownRegions = (
				en,
				Base,
			);
			mainGroup = A70511E52593F28C002D801F;
			productRefGroup = A70511EF2593F28C002D801F /* Products */;
			projectDirPath = "";
			projectRoot = "";
			targets = (
				A70511ED2593F28C002D801F /* TcgLifeCounter */,
			);
		};
/* End PBXProject section */

/* Begin PBXResourcesBuildPhase section */
		A70511EC2593F28C002D801F /* Resources */ = {
			isa = PBXResourcesBuildPhase;
			buildActionMask = 2147483647;
			files = (
				A70511F92593F28D002D801F /* Preview Assets.xcassets in Resources */,
				A70511F62593F28D002D801F /* Assets.xcassets in Resources */,
			);
			runOnlyForDeploymentPostprocessing = 0;
		};
/* End PBXResourcesBuildPhase section */

/* Begin PBXSourcesBuildPhase section */
		A70511EA2593F28C002D801F /* Sources */ = {
			isa = PBXSourcesBuildPhase;
			buildActionMask = 2147483647;
			files = (
				A70511F42593F28C002D801F /* ContentView.swift in Sources */,
				A76053BA25942E2E00A0A6AC /* Game.swift in Sources */,
				A79F552325A53D1500522361 /* D20Shape.swift in Sources */,
				A76053C325942E7900A0A6AC /* Setting.swift in Sources */,
				A79F552025A52FAE00522361 /* D12Shape.swift in Sources */,
				A79EFFD825AE88F200E36B64 /* SubCenterAnchored.swift in Sources */,
				A79F550F25A5165F00522361 /* D2Shape.swift in Sources */,
				A76B18B82597E97400565C31 /* FiveSixPlayerLayoutView.swift in Sources */,
				A79F551725A51C0600522361 /* D6Shape.swift in Sources */,
				A79F552C25A66BAD00522361 /* HVStack.swift in Sources */,
				A7CECA33259FB9A900B783C5 /* DieRollView.swift in Sources */,
				A76053D6259549D500A0A6AC /* SettingsView.swift in Sources */,
				A76053CE25942F6000A0A6AC /* PlayersLayoutView.swift in Sources */,
				A76053C725942F3B00A0A6AC /* PlayerCardView.swift in Sources */,
				A76053D125942F7A00A0A6AC /* Layout.swift in Sources */,
				A79F552625A5414800522361 /* D100.swift in Sources */,
				A79EFFDB25AE8B4400E36B64 /* HalfRoundedRect.swift in Sources */,
				A79F551325A5194400522361 /* D4Shape.swift in Sources */,
				A76053B425942E0700A0A6AC /* Player.swift in Sources */,
				A70511F22593F28C002D801F /* TcgLifeCounterApp.swift in Sources */,
				A79F551A25A51D4000522361 /* D8Shape.swift in Sources */,
				A7F3F00625AF82DB00229BE6 /* PresentedLifeView.swift in Sources */,
				A79F551D25A51F3D00522361 /* D10Shape.swift in Sources */,
			);
			runOnlyForDeploymentPostprocessing = 0;
		};
/* End PBXSourcesBuildPhase section */

/* Begin XCBuildConfiguration section */
		A70511FB2593F28D002D801F /* Debug */ = {
			isa = XCBuildConfiguration;
			buildSettings = {
				ALWAYS_SEARCH_USER_PATHS = NO;
				CLANG_ANALYZER_NONNULL = YES;
				CLANG_ANALYZER_NUMBER_OBJECT_CONVERSION = YES_AGGRESSIVE;
				CLANG_CXX_LANGUAGE_STANDARD = "gnu++14";
				CLANG_CXX_LIBRARY = "libc++";
				CLANG_ENABLE_MODULES = YES;
				CLANG_ENABLE_OBJC_ARC = YES;
				CLANG_ENABLE_OBJC_WEAK = YES;
				CLANG_WARN_BLOCK_CAPTURE_AUTORELEASING = YES;
				CLANG_WARN_BOOL_CONVERSION = YES;
				CLANG_WARN_COMMA = YES;
				CLANG_WARN_CONSTANT_CONVERSION = YES;
				CLANG_WARN_DEPRECATED_OBJC_IMPLEMENTATIONS = YES;
				CLANG_WARN_DIRECT_OBJC_ISA_USAGE = YES_ERROR;
				CLANG_WARN_DOCUMENTATION_COMMENTS = YES;
				CLANG_WARN_EMPTY_BODY = YES;
				CLANG_WARN_ENUM_CONVERSION = YES;
				CLANG_WARN_INFINITE_RECURSION = YES;
				CLANG_WARN_INT_CONVERSION = YES;
				CLANG_WARN_NON_LITERAL_NULL_CONVERSION = YES;
				CLANG_WARN_OBJC_IMPLICIT_RETAIN_SELF = YES;
				CLANG_WARN_OBJC_LITERAL_CONVERSION = YES;
				CLANG_WARN_OBJC_ROOT_CLASS = YES_ERROR;
				CLANG_WARN_QUOTED_INCLUDE_IN_FRAMEWORK_HEADER = YES;
				CLANG_WARN_RANGE_LOOP_ANALYSIS = YES;
				CLANG_WARN_STRICT_PROTOTYPES = YES;
				CLANG_WARN_SUSPICIOUS_MOVE = YES;
				CLANG_WARN_UNGUARDED_AVAILABILITY = YES_AGGRESSIVE;
				CLANG_WARN_UNREACHABLE_CODE = YES;
				CLANG_WARN__DUPLICATE_METHOD_MATCH = YES;
				COPY_PHASE_STRIP = NO;
				DEBUG_INFORMATION_FORMAT = dwarf;
				ENABLE_STRICT_OBJC_MSGSEND = YES;
				ENABLE_TESTABILITY = YES;
				GCC_C_LANGUAGE_STANDARD = gnu11;
				GCC_DYNAMIC_NO_PIC = NO;
				GCC_NO_COMMON_BLOCKS = YES;
				GCC_OPTIMIZATION_LEVEL = 0;
				GCC_PREPROCESSOR_DEFINITIONS = (
					"DEBUG=1",
					"$(inherited)",
				);
				GCC_WARN_64_TO_32_BIT_CONVERSION = YES;
				GCC_WARN_ABOUT_RETURN_TYPE = YES_ERROR;
				GCC_WARN_UNDECLARED_SELECTOR = YES;
				GCC_WARN_UNINITIALIZED_AUTOS = YES_AGGRESSIVE;
				GCC_WARN_UNUSED_FUNCTION = YES;
				GCC_WARN_UNUSED_VARIABLE = YES;
				IPHONEOS_DEPLOYMENT_TARGET = 14.3;
				MTL_ENABLE_DEBUG_INFO = INCLUDE_SOURCE;
				MTL_FAST_MATH = YES;
				ONLY_ACTIVE_ARCH = YES;
				SDKROOT = iphoneos;
				SWIFT_ACTIVE_COMPILATION_CONDITIONS = DEBUG;
				SWIFT_OPTIMIZATION_LEVEL = "-Onone";
			};
			name = Debug;
		};
		A70511FC2593F28D002D801F /* Release */ = {
			isa = XCBuildConfiguration;
			buildSettings = {
				ALWAYS_SEARCH_USER_PATHS = NO;
				CLANG_ANALYZER_NONNULL = YES;
				CLANG_ANALYZER_NUMBER_OBJECT_CONVERSION = YES_AGGRESSIVE;
				CLANG_CXX_LANGUAGE_STANDARD = "gnu++14";
				CLANG_CXX_LIBRARY = "libc++";
				CLANG_ENABLE_MODULES = YES;
				CLANG_ENABLE_OBJC_ARC = YES;
				CLANG_ENABLE_OBJC_WEAK = YES;
				CLANG_WARN_BLOCK_CAPTURE_AUTORELEASING = YES;
				CLANG_WARN_BOOL_CONVERSION = YES;
				CLANG_WARN_COMMA = YES;
				CLANG_WARN_CONSTANT_CONVERSION = YES;
				CLANG_WARN_DEPRECATED_OBJC_IMPLEMENTATIONS = YES;
				CLANG_WARN_DIRECT_OBJC_ISA_USAGE = YES_ERROR;
				CLANG_WARN_DOCUMENTATION_COMMENTS = YES;
				CLANG_WARN_EMPTY_BODY = YES;
				CLANG_WARN_ENUM_CONVERSION = YES;
				CLANG_WARN_INFINITE_RECURSION = YES;
				CLANG_WARN_INT_CONVERSION = YES;
				CLANG_WARN_NON_LITERAL_NULL_CONVERSION = YES;
				CLANG_WARN_OBJC_IMPLICIT_RETAIN_SELF = YES;
				CLANG_WARN_OBJC_LITERAL_CONVERSION = YES;
				CLANG_WARN_OBJC_ROOT_CLASS = YES_ERROR;
				CLANG_WARN_QUOTED_INCLUDE_IN_FRAMEWORK_HEADER = YES;
				CLANG_WARN_RANGE_LOOP_ANALYSIS = YES;
				CLANG_WARN_STRICT_PROTOTYPES = YES;
				CLANG_WARN_SUSPICIOUS_MOVE = YES;
				CLANG_WARN_UNGUARDED_AVAILABILITY = YES_AGGRESSIVE;
				CLANG_WARN_UNREACHABLE_CODE = YES;
				CLANG_WARN__DUPLICATE_METHOD_MATCH = YES;
				COPY_PHASE_STRIP = NO;
				DEBUG_INFORMATION_FORMAT = "dwarf-with-dsym";
				ENABLE_NS_ASSERTIONS = NO;
				ENABLE_STRICT_OBJC_MSGSEND = YES;
				GCC_C_LANGUAGE_STANDARD = gnu11;
				GCC_NO_COMMON_BLOCKS = YES;
				GCC_WARN_64_TO_32_BIT_CONVERSION = YES;
				GCC_WARN_ABOUT_RETURN_TYPE = YES_ERROR;
				GCC_WARN_UNDECLARED_SELECTOR = YES;
				GCC_WARN_UNINITIALIZED_AUTOS = YES_AGGRESSIVE;
				GCC_WARN_UNUSED_FUNCTION = YES;
				GCC_WARN_UNUSED_VARIABLE = YES;
				IPHONEOS_DEPLOYMENT_TARGET = 14.3;
				MTL_ENABLE_DEBUG_INFO = NO;
				MTL_FAST_MATH = YES;
				SDKROOT = iphoneos;
				SWIFT_COMPILATION_MODE = wholemodule;
				SWIFT_OPTIMIZATION_LEVEL = "-O";
				VALIDATE_PRODUCT = YES;
			};
			name = Release;
		};
		A70511FE2593F28D002D801F /* Debug */ = {
			isa = XCBuildConfiguration;
			buildSettings = {
				ASSETCATALOG_COMPILER_APPICON_NAME = AppIcon;
				ASSETCATALOG_COMPILER_GLOBAL_ACCENT_COLOR_NAME = AccentColor;
				CODE_SIGN_STYLE = Automatic;
				CURRENT_PROJECT_VERSION = 16;
				DEVELOPMENT_ASSET_PATHS = "\"TcgLifeCounter/Preview Content\"";
				DEVELOPMENT_TEAM = A2TVHL278P;
				ENABLE_PREVIEWS = YES;
				INFOPLIST_FILE = TcgLifeCounter/Info.plist;
				IPHONEOS_DEPLOYMENT_TARGET = 14.0;
				LD_RUNPATH_SEARCH_PATHS = (
					"$(inherited)",
					"@executable_path/Frameworks",
				);
				MARKETING_VERSION = 1.3;
				PRODUCT_BUNDLE_IDENTIFIER = com.hscheue.TcgLifeCounter;
				PRODUCT_NAME = "$(TARGET_NAME)";
				SWIFT_VERSION = 5.0;
				TARGETED_DEVICE_FAMILY = "1,2";
			};
			name = Debug;
		};
		A70511FF2593F28D002D801F /* Release */ = {
			isa = XCBuildConfiguration;
			buildSettings = {
				ASSETCATALOG_COMPILER_APPICON_NAME = AppIcon;
				ASSETCATALOG_COMPILER_GLOBAL_ACCENT_COLOR_NAME = AccentColor;
				CODE_SIGN_STYLE = Automatic;
				CURRENT_PROJECT_VERSION = 16;
				DEVELOPMENT_ASSET_PATHS = "\"TcgLifeCounter/Preview Content\"";
				DEVELOPMENT_TEAM = A2TVHL278P;
				ENABLE_PREVIEWS = YES;
				INFOPLIST_FILE = TcgLifeCounter/Info.plist;
				IPHONEOS_DEPLOYMENT_TARGET = 14.0;
				LD_RUNPATH_SEARCH_PATHS = (
					"$(inherited)",
					"@executable_path/Frameworks",
				);
				MARKETING_VERSION = 1.3;
				PRODUCT_BUNDLE_IDENTIFIER = com.hscheue.TcgLifeCounter;
				PRODUCT_NAME = "$(TARGET_NAME)";
				SWIFT_VERSION = 5.0;
				TARGETED_DEVICE_FAMILY = "1,2";
			};
			name = Release;
		};
/* End XCBuildConfiguration section */

/* Begin XCConfigurationList section */
		A70511E92593F28C002D801F /* Build configuration list for PBXProject "TcgLifeCounter" */ = {
			isa = XCConfigurationList;
			buildConfigurations = (
				A70511FB2593F28D002D801F /* Debug */,
				A70511FC2593F28D002D801F /* Release */,
			);
			defaultConfigurationIsVisible = 0;
			defaultConfigurationName = Release;
		};
		A70511FD2593F28D002D801F /* Build configuration list for PBXNativeTarget "TcgLifeCounter" */ = {
			isa = XCConfigurationList;
			buildConfigurations = (
				A70511FE2593F28D002D801F /* Debug */,
				A70511FF2593F28D002D801F /* Release */,
			);
			defaultConfigurationIsVisible = 0;
			defaultConfigurationName = Release;
		};
/* End XCConfigurationList section */
	};
	rootObject = A70511E62593F28C002D801F /* Project object */;
}
